
Microsoft Visual Studio Solution File, Format Version 12.00
# Visual Studio 14
VisualStudioVersion = 14.0.25123.0
MinimumVisualStudioVersion = 10.0.40219.1
Project("{FAE04EC0-301F-11D3-BF4B-00C04F79EFBC}") = "ReadDeviceToCloudMessages", "ReadDeviceToCloudMessages\ReadDeviceToCloudMessages.csproj", "{BDAD4055-B29E-40DC-9F1A-36A39F0A9D3B}"
EndProject
Global
	GlobalSection(SolutionConfigurationPlatforms) = preSolution
		Debug|Any CPU = Debug|Any CPU
		Release|Any CPU = Release|Any CPU
	EndGlobalSection
	GlobalSection(ProjectConfigurationPlatforms) = postSolution
		{BDAD4055-B29E-40DC-9F1A-36A39F0A9D3B}.Debug|Any CPU.ActiveCfg = Debug|Any CPU
		{BDAD4055-B29E-40DC-9F1A-36A39F0A9D3B}.Debug|Any CPU.Build.0 = Debug|Any CPU
		{BDAD4055-B29E-40DC-9F1A-36A39F0A9D3B}.Release|Any CPU.ActiveCfg = Release|Any CPU
		{BDAD4055-B29E-40DC-9F1A-36A39F0A9D3B}.Release|Any CPU.Build.0 = Release|Any CPU
	EndGlobalSection
	GlobalSection(SolutionProperties) = preSolution
		HideSolutionNode = FALSE
	EndGlobalSection
EndGlobal
